# THIS IS AN AUTOGENERATED FILE. DO NOT EDIT THIS FILE DIRECTLY.
# yarn lockfile v1


"@formatjs/ecma402-abstract@1.9.5":
  version "1.9.5"
  resolved "https://registry.yarnpkg.com/@formatjs/ecma402-abstract/-/ecma402-abstract-1.9.5.tgz#89ddbc6f18f2ac3cbe841ae13cb1e0a65eddbf53"
  integrity sha512-cGpEBzrf9bL2lTMEuRZ3gjLrEUEucxAXDIdX4tNqNdNZO81ZN558BfjiFfyPgrhILEuJU/+sgLwWxddSn6usHw==
  dependencies:
    "@formatjs/intl-localematcher" "0.2.18"
    tslib "^2.1.0"

"@formatjs/fast-memoize@1.1.1":
  version "1.1.1"
  resolved "https://registry.yarnpkg.com/@formatjs/fast-memoize/-/fast-memoize-1.1.1.tgz#3006b58aca1e39a98aca213356b42da5d173f26b"
  integrity sha512-mIqBr5uigIlx13eZTOPSEh2buDiy3BCdMYUtewICREQjbb4xarDiVWoXSnrERM7NanZ+0TAHNXSqDe6HpEFQUg==

"@formatjs/icu-messageformat-parser@2.0.8":
  version "2.0.8"
  resolved "https://registry.yarnpkg.com/@formatjs/icu-messageformat-parser/-/icu-messageformat-parser-2.0.8.tgz#a7a8714e92c7a1afec3dc4ed94e9e82256f0afb2"
  integrity sha512-fZlQ7ls3eQswO4RFB0lSi+ritPvud0Z2EQB6SU8qI5+MIS4qU4AHjq/dFJNvhdEdmJqLWHe31K4yHaRdavkSQQ==
  dependencies:
    "@formatjs/ecma402-abstract" "1.9.5"
    "@formatjs/icu-skeleton-parser" "1.2.9"
    tslib "^2.1.0"

"@formatjs/icu-skeleton-parser@1.2.9":
  version "1.2.9"
  resolved "https://registry.yarnpkg.com/@formatjs/icu-skeleton-parser/-/icu-skeleton-parser-1.2.9.tgz#70c36735be9cffec0669fa089d061fa6b60e5a8a"
  integrity sha512-cx8Ug1gxRtv0rRddWd6dt5Sn/BhnhktSHvokbmLUVOEp2dy/6Ehvv2e00wow28AaSIzvBvM6ew1Qwe9wzDzcOw==
  dependencies:
    "@formatjs/ecma402-abstract" "1.9.5"
    tslib "^2.1.0"

"@formatjs/intl-displaynames@5.2.0":
  version "5.2.0"
  resolved "https://registry.yarnpkg.com/@formatjs/intl-displaynames/-/intl-displaynames-5.2.0.tgz#b2cc92d941d1fe7c83ff081b955197e647d26d10"
  integrity sha512-Vox3IbI2I1aG2agCQUKdmtB8aM9C7iaGui2S2Apo50MVC7sJuFz7sXq5vuqp8erCAalhuCfRMQREQ3jw/rwW6w==
  dependencies:
    "@formatjs/ecma402-abstract" "1.9.5"
    "@formatjs/intl-localematcher" "0.2.18"
    tslib "^2.1.0"

"@formatjs/intl-listformat@6.3.0":
  version "6.3.0"
  resolved "https://registry.yarnpkg.com/@formatjs/intl-listformat/-/intl-listformat-6.3.0.tgz#d64b8cb99050b74e7a2acf360e98b5a3d9f40f26"
  integrity sha512-xfNODLDWAV2pAZIK3a/HedvNmvg7GJxFVyOSbYMJP3uTrgjxIUZXeUIu5A5aHe8hn6Tv/GdT9QltDol/YlXmcg==
  dependencies:
    "@formatjs/ecma402-abstract" "1.9.5"
    "@formatjs/intl-localematcher" "0.2.18"
    tslib "^2.1.0"

"@formatjs/intl-localematcher@0.2.18":
  version "0.2.18"
  resolved "https://registry.yarnpkg.com/@formatjs/intl-localematcher/-/intl-localematcher-0.2.18.tgz#8fd26045d4f8d85a69519a29f5ee491577ff3eb8"
  integrity sha512-xI9X+mi7wbucbh35GNTY+C0+oMJXAp8ueC73SOyJlBpRNjLuOlSwgw3yJaCZxy3WpjcRBCP0laJ5zlpITO0QpA==
  dependencies:
    tslib "^2.1.0"

"@formatjs/intl@1.13.4":
  version "1.13.4"
  resolved "https://registry.yarnpkg.com/@formatjs/intl/-/intl-1.13.4.tgz#7c0143558647800359bea4875fc1005844794031"
  integrity sha512-Hk3jPFsi2g75Yc0bdEsQTgk8TM9CrCBfBwHbngfsNYX0P0QHq00vxIK0kXB/QyOP4SL3hVENA30yRb6cbNp6ww==
  dependencies:
    "@formatjs/ecma402-abstract" "1.9.5"
    "@formatjs/fast-memoize" "1.1.1"
    "@formatjs/icu-messageformat-parser" "2.0.8"
    "@formatjs/intl-displaynames" "5.2.0"
    "@formatjs/intl-listformat" "6.3.0"
    intl-messageformat "9.8.1"
    tslib "^2.1.0"

"@types/faker@^4.1.5":
  version "4.1.12"
  resolved "https://registry.yarnpkg.com/@types/faker/-/faker-4.1.12.tgz#065d37343677df1aa757c622650bd14666c42602"
  integrity sha512-0MEyzJrLLs1WaOCx9ULK6FzdCSj2EuxdSP9kvuxxdBEGujZYUOZ4vkPXdgu3dhyg/pOdn7VCatelYX7k0YShlA==

"@types/hoist-non-react-statics@^3.3.1":
  version "3.3.1"
  resolved "https://registry.yarnpkg.com/@types/hoist-non-react-statics/-/hoist-non-react-statics-3.3.1.tgz#1124aafe5118cb591977aeb1ceaaed1070eb039f"
  integrity sha512-iMIqiko6ooLrTh1joXodJK5X9xeEALT1kM5G3ZLhD3hszxBdIEd5C75U834D9mLcINgD4OyZf5uQXjkuYydWvA==
  dependencies:
    "@types/react" "*"
    hoist-non-react-statics "^3.3.0"

"@types/node@^11.12.1":
  version "11.15.54"
  resolved "https://registry.yarnpkg.com/@types/node/-/node-11.15.54.tgz#59ed60e7b0d56905a654292e8d73275034eb6283"
  integrity sha512-1RWYiq+5UfozGsU6MwJyFX6BtktcT10XRjvcAQmskCtMcW3tPske88lM/nHv7BQG1w9KBXI1zPGuu5PnNCX14g==

"@types/prop-types@*":
  version "15.7.4"
  resolved "https://registry.yarnpkg.com/@types/prop-types/-/prop-types-15.7.4.tgz#fcf7205c25dff795ee79af1e30da2c9790808f11"
  integrity sha512-rZ5drC/jWjrArrS8BR6SIr4cWpW09RNTYt9AMZo3Jwwif+iacXAqgVjm0B0Bv/S1jhDXKHqRVNCbACkJ89RAnQ==

"@types/react-intl@^2.3.17":
  version "2.3.18"
  resolved "https://registry.yarnpkg.com/@types/react-intl/-/react-intl-2.3.18.tgz#fd2d8b7f4d0a1dd05b5f1784ab0d7fe1786a690d"
  integrity sha512-DVNJs49zUxKRZng8VuILE886Yihdsf3yLr5vHk9zJrmF8SyRSK3sxNSvikAKxNkv9hX55XBTJShz6CkJnbNjgg==

"@types/react@*":
  version "17.0.15"
  resolved "https://registry.yarnpkg.com/@types/react/-/react-17.0.15.tgz#c7533dc38025677e312606502df7656a6ea626d0"
  integrity sha512-uTKHDK9STXFHLaKv6IMnwp52fm0hwU+N89w/p9grdUqcFA6WuqDyPhaWopbNyE1k/VhgzmHl8pu1L4wITtmlLw==
  dependencies:
    "@types/prop-types" "*"
    "@types/scheduler" "*"
    csstype "^3.0.2"

"@types/react@^16.8.10":
  version "16.14.11"
  resolved "https://registry.yarnpkg.com/@types/react/-/react-16.14.11.tgz#992a0cd4b66b9f27315042b5d96e976717368f04"
  integrity sha512-Don0MtsZZ3fjwTJ2BsoqkyOy7e176KplEAKOpr/4XDdzinlyJBn9yfsKn5mcSgn4kh1B22+3tBnzBC1z63ybtQ==
  dependencies:
    "@types/prop-types" "*"
    "@types/scheduler" "*"
    csstype "^3.0.2"

"@types/scheduler@*":
  version "0.16.2"
  resolved "https://registry.yarnpkg.com/@types/scheduler/-/scheduler-0.16.2.tgz#1a62f89525723dde24ba1b01b092bf5df8ad4d39"
  integrity sha512-hppQEBDmlwhFAXKJX2KnWLYu5yMfi91yazPb2l+lbJiwW+wdo1gNeRA+3RgNSO39WYX2euey41KEwnqesU2Jew==

"@types/zen-observable@^0.8.0":
  version "0.8.3"
  resolved "https://registry.yarnpkg.com/@types/zen-observable/-/zen-observable-0.8.3.tgz#781d360c282436494b32fe7d9f7f8e64b3118aa3"
  integrity sha512-fbF6oTd4sGGy0xjHPKAt+eS2CrxJ3+6gQ3FGcBoIJR2TLAyCkCyI8JqZNy+FeON0AhVgNJoUumVoZQjBFUqHkw==

"@wry/equality@^0.1.2":
  version "0.1.11"
  resolved "https://registry.yarnpkg.com/@wry/equality/-/equality-0.1.11.tgz#35cb156e4a96695aa81a9ecc4d03787bc17f1790"
  integrity sha512-mwEVBDUVODlsQQ5dfuLUS5/Tf7jqUKyhKYHmVi4fPB6bDMOfWvUPJmKgS1Z7Za/sOI3vzWt4+O7yCiL/70MogA==
  dependencies:
    tslib "^1.9.3"

apollo-cache@1.3.5:
  version "1.3.5"
  resolved "https://registry.yarnpkg.com/apollo-cache/-/apollo-cache-1.3.5.tgz#9dbebfc8dbe8fe7f97ba568a224bca2c5d81f461"
  integrity sha512-1XoDy8kJnyWY/i/+gLTEbYLnoiVtS8y7ikBr/IfmML4Qb+CM7dEEbIUOjnY716WqmZ/UpXIxTfJsY7rMcqiCXA==
  dependencies:
    apollo-utilities "^1.3.4"
    tslib "^1.10.0"

apollo-client@^2.4.7:
  version "2.6.10"
  resolved "https://registry.yarnpkg.com/apollo-client/-/apollo-client-2.6.10.tgz#86637047b51d940c8eaa771a4ce1b02df16bea6a"
  integrity sha512-jiPlMTN6/5CjZpJOkGeUV0mb4zxx33uXWdj/xQCfAMkuNAC3HN7CvYDyMHHEzmcQ5GV12LszWoQ/VlxET24CtA==
  dependencies:
    "@types/zen-observable" "^0.8.0"
    apollo-cache "1.3.5"
    apollo-link "^1.0.0"
    apollo-utilities "1.3.4"
    symbol-observable "^1.0.2"
    ts-invariant "^0.4.0"
    tslib "^1.10.0"
    zen-observable "^0.8.0"

apollo-link@^1.0.0:
  version "1.2.14"
  resolved "https://registry.yarnpkg.com/apollo-link/-/apollo-link-1.2.14.tgz#3feda4b47f9ebba7f4160bef8b977ba725b684d9"
  integrity sha512-p67CMEFP7kOG1JZ0ZkYZwRDa369w5PIjtMjvrQd/HnIV8FRsHRqLqK+oAZQnFa1DDdZtOtHTi+aMIW6EatC2jg==
  dependencies:
    apollo-utilities "^1.3.0"
    ts-invariant "^0.4.0"
    tslib "^1.9.3"
    zen-observable-ts "^0.8.21"

apollo-utilities@1.3.4, apollo-utilities@^1.3.0, apollo-utilities@^1.3.4:
  version "1.3.4"
  resolved "https://registry.yarnpkg.com/apollo-utilities/-/apollo-utilities-1.3.4.tgz#6129e438e8be201b6c55b0f13ce49d2c7175c9cf"
  integrity sha512-pk2hiWrCXMAy2fRPwEyhvka+mqwzeP60Jr1tRYi5xru+3ko94HI9o6lK0CT33/w4RDlxWchmdhDCrvdr+pHCig==
  dependencies:
    "@wry/equality" "^0.1.2"
    fast-json-stable-stringify "^2.0.0"
    ts-invariant "^0.4.0"
    tslib "^1.10.0"

csstype@^3.0.2:
  version "3.0.8"
  resolved "https://registry.yarnpkg.com/csstype/-/csstype-3.0.8.tgz#d2266a792729fb227cd216fb572f43728e1ad340"
  integrity sha512-jXKhWqXPmlUeoQnF/EhTtTl4C9SnrxSH/jZUih3jmO6lBKr99rP3/+FmrMj4EFpOXzMtXHAZkd3x0E6h6Fgflw==

faker@^4.1.0:
  version "4.1.0"
  resolved "https://registry.yarnpkg.com/faker/-/faker-4.1.0.tgz#1e45bbbecc6774b3c195fad2835109c6d748cc3f"
  integrity sha1-HkW7vsxndLPBlfrSg1EJxtdIzD8=

fast-json-stable-stringify@^2.0.0:
  version "2.1.0"
  resolved "https://registry.yarnpkg.com/fast-json-stable-stringify/-/fast-json-stable-stringify-2.1.0.tgz#874bf69c6f404c2b5d99c481341399fd55892633"
  integrity sha512-lhd/wF+Lk98HZoTCtlVraHtfh5XYijIjalXck7saUtuanSDyLMxnHhSXEDJqHxD7msR8D0uCmqlkwjCV8xvwHw==

graphql@^14.0.2:
  version "14.7.0"
  resolved "https://registry.yarnpkg.com/graphql/-/graphql-14.7.0.tgz#7fa79a80a69be4a31c27dda824dc04dac2035a72"
  integrity sha512-l0xWZpoPKpppFzMfvVyFmp9vLN7w/ZZJPefUicMCepfJeQ8sMcztloGYY9DfjVPo6tIUDzU5Hw3MUbIjj9AVVA==
  dependencies:
    iterall "^1.2.2"

hoist-non-react-statics@^3.3.0, hoist-non-react-statics@^3.3.2:
  version "3.3.2"
  resolved "https://registry.yarnpkg.com/hoist-non-react-statics/-/hoist-non-react-statics-3.3.2.tgz#ece0acaf71d62c2969c2ec59feff42a4b1a85b45"
  integrity sha512-/gGivxi8JPKWNm/W0jSmzcMPpfpPLc3dY/6GxhX2hQ9iGj3aDfklV4ET7NjKpSinLpJ5vafa9iiGIEZg10SfBw==
  dependencies:
    react-is "^16.7.0"

intl-messageformat@9.8.1:
  version "9.8.1"
  resolved "https://registry.yarnpkg.com/intl-messageformat/-/intl-messageformat-9.8.1.tgz#f2352f1e12dcc1b135da315a9d565a473ba7bffe"
  integrity sha512-2rSZQu8GmLOlxNiehRvxWjkIqzemW833zm8ZS63JNvSpSuGnpqSWRqqwqv1kEBto/97/UBjtWy14m/CIdwVqFg==
  dependencies:
    "@formatjs/fast-memoize" "1.1.1"
    "@formatjs/icu-messageformat-parser" "2.0.8"
    tslib "^2.1.0"

iterall@^1.2.2:
  version "1.3.0"
  resolved "https://registry.yarnpkg.com/iterall/-/iterall-1.3.0.tgz#afcb08492e2915cbd8a0884eb93a8c94d0d72fea"
  integrity sha512-QZ9qOMdF+QLHxy1QIpUHUU1D5pS2CG2P69LF6L6CPjPYA/XMOmKV3PZpawHoAjHNyB0swdVTRxdYT4tbBbxqwg==

"js-tokens@^3.0.0 || ^4.0.0":
  version "4.0.0"
  resolved "https://registry.yarnpkg.com/js-tokens/-/js-tokens-4.0.0.tgz#19203fb59991df98e3a287050d4647cdeaf32499"
  integrity sha512-RdJUflcE3cUzKiMqQgsCu06FPu9UdIJO0beYbPhHN4k6apgJtifcoCtT9bcxOpYBtpD2kCM6Sbzg4CausW/PKQ==

loose-envify@^1.1.0, loose-envify@^1.4.0:
  version "1.4.0"
  resolved "https://registry.yarnpkg.com/loose-envify/-/loose-envify-1.4.0.tgz#71ee51fa7be4caec1a63839f7e682d8132d30caf"
  integrity sha512-lyuxPGr/Wfhrlem2CL/UcnUc1zcqKAImBDzukY7Y5F/yQiNdko6+fRLevlw1HgMySw7f611UIY408EtxRSoK3Q==
  dependencies:
    js-tokens "^3.0.0 || ^4.0.0"

object-assign@^4.1.1:
  version "4.1.1"
  resolved "https://registry.yarnpkg.com/object-assign/-/object-assign-4.1.1.tgz#2109adc7965887cfc05cbbd442cac8bfbb360863"
  integrity sha1-IQmtx5ZYh8/AXLvUQsrIv7s2CGM=

prop-types@^15.6.2, prop-types@^15.7.2:
  version "15.7.2"
  resolved "https://registry.yarnpkg.com/prop-types/-/prop-types-15.7.2.tgz#52c41e75b8c87e72b9d9360e0206b99dcbffa6c5"
  integrity sha512-8QQikdH7//R2vurIJSutZ1smHYTcLpRWEOlHnzcWHmBYrOGUysKwSsrC89BCiFj3CbrfJ/nXFdJepOVrY1GCHQ==
  dependencies:
    loose-envify "^1.4.0"
    object-assign "^4.1.1"
    react-is "^16.8.1"

react-dom@^16.8.6:
  version "16.14.0"
  resolved "https://registry.yarnpkg.com/react-dom/-/react-dom-16.14.0.tgz#7ad838ec29a777fb3c75c3a190f661cf92ab8b89"
  integrity sha512-1gCeQXDLoIqMgqD3IO2Ah9bnf0w9kzhwN5q4FGnHZ67hBm9yePzB5JJAIQCc8x3pFnNlwFq4RidZggNAAkzWWw==
  dependencies:
    loose-envify "^1.1.0"
    object-assign "^4.1.1"
    prop-types "^15.6.2"
    scheduler "^0.19.1"

react-intl@^5.20.4:
  version "5.20.6"
  resolved "https://registry.yarnpkg.com/react-intl/-/react-intl-5.20.6.tgz#fc64d09143d0df233b373d40a646542b167c118c"
  integrity sha512-+G5HIb0GCBgIMd/OWISCnUCbRE6fHOkNJxaefbrjvXwCXZLLpUUYtO65DJOEuc+hB3VkAsM6QJDJ6AarO3hPKQ==
  dependencies:
    "@formatjs/ecma402-abstract" "1.9.5"
    "@formatjs/icu-messageformat-parser" "2.0.8"
    "@formatjs/intl" "1.13.4"
    "@formatjs/intl-displaynames" "5.2.0"
    "@formatjs/intl-listformat" "6.3.0"
    "@types/hoist-non-react-statics" "^3.3.1"
    hoist-non-react-statics "^3.3.2"
    intl-messageformat "9.8.1"
    tslib "^2.1.0"

react-is@^16.7.0, react-is@^16.8.1:
  version "16.13.1"
  resolved "https://registry.yarnpkg.com/react-is/-/react-is-16.13.1.tgz#789729a4dc36de2999dc156dd6c1d9c18cea56a4"
  integrity sha512-24e6ynE2H+OKt4kqsOvNd8kBpV65zoxbA4BVsEOB3ARVWQki/DHzaUoC5KuON/BiccDaCCTZBuOcfZs70kR8bQ==

react@^16.8.6:
  version "16.14.0"
  resolved "https://registry.yarnpkg.com/react/-/react-16.14.0.tgz#94d776ddd0aaa37da3eda8fc5b6b18a4c9a3114d"
  integrity sha512-0X2CImDkJGApiAlcf0ODKIneSwBPhqJawOa5wCtKbu7ZECrmS26NvtSILynQ66cgkT/RJ4LidJOc3bUESwmU8g==
  dependencies:
    loose-envify "^1.1.0"
    object-assign "^4.1.1"
    prop-types "^15.6.2"

scheduler@^0.19.1:
  version "0.19.1"
  resolved "https://registry.yarnpkg.com/scheduler/-/scheduler-0.19.1.tgz#4f3e2ed2c1a7d65681f4c854fa8c5a1ccb40f196"
  integrity sha512-n/zwRWRYSUj0/3g/otKDRPMh6qv2SYMWNq85IEa8iZyAv8od9zDYpGSnpBEjNgcMNq6Scbu5KfIPxNF72R/2EA==
  dependencies:
    loose-envify "^1.1.0"
    object-assign "^4.1.1"

symbol-observable@^1.0.2:
  version "1.2.0"
  resolved "https://registry.yarnpkg.com/symbol-observable/-/symbol-observable-1.2.0.tgz#c22688aed4eab3cdc2dfeacbb561660560a00804"
  integrity sha512-e900nM8RRtGhlV36KGEU9k65K3mPb1WV70OdjfxlG2EAuM1noi/E/BaW/uMhL7bPEssK8QV57vN3esixjUvcXQ==

ts-invariant@^0.4.0:
  version "0.4.4"
  resolved "https://registry.yarnpkg.com/ts-invariant/-/ts-invariant-0.4.4.tgz#97a523518688f93aafad01b0e80eb803eb2abd86"
  integrity sha512-uEtWkFM/sdZvRNNDL3Ehu4WVpwaulhwQszV8mrtcdeE8nN00BV9mAmQ88RkrBhFgl9gMgvjJLAQcZbnPXI9mlA==
  dependencies:
    tslib "^1.9.3"

tslib@^1.10.0, tslib@^1.9.3:
  version "1.14.1"
  resolved "https://registry.yarnpkg.com/tslib/-/tslib-1.14.1.tgz#cf2d38bdc34a134bcaf1091c41f6619e2f672d00"
  integrity sha512-Xni35NKzjgMrwevysHTCArtLDpPvye8zV/0E4EyYn43P7/7qvQwPh9BGkHewbMulVntbigmcT7rdX3BNo9wRJg==

tslib@^2.1.0:
  version "2.3.0"
  resolved "https://registry.yarnpkg.com/tslib/-/tslib-2.3.0.tgz#803b8cdab3e12ba581a4ca41c8839bbb0dacb09e"
  integrity sha512-N82ooyxVNm6h1riLCoyS9e3fuJ3AMG2zIZs2Gd1ATcSFjSA23Q0fzjjZeh0jbJvWVDZ0cJT8yaNNaaXHzueNjg==

typescript@3.9.7:
  version "3.9.7"
  resolved "https://registry.yarnpkg.com/typescript/-/typescript-3.9.7.tgz#98d600a5ebdc38f40cb277522f12dc800e9e25fa"
  integrity sha512-BLbiRkiBzAwsjut4x/dsibSTB6yWpwT5qWmC2OfuCg3GgVQCSgMs4vEctYPhsaGtd0AeuuHMkjZ2h2WG8MSzRw==

"vtex.render-runtime@http://vtex.vtexassets.com/_v/public/typings/v1/vtex.render-runtime@8.130.0/public/@types/vtex.render-runtime":
  version "8.130.0"
  resolved "http://vtex.vtexassets.com/_v/public/typings/v1/vtex.render-runtime@8.130.0/public/@types/vtex.render-runtime#6958e1017c423c0906eae3500bad70d3fb353a98"

"vtex.styleguide@http://vtex.vtexassets.com/_v/public/typings/v1/vtex.styleguide@9.145.0/public/@types/vtex.styleguide":
  version "9.145.0"
  resolved "http://vtex.vtexassets.com/_v/public/typings/v1/vtex.styleguide@9.145.0/public/@types/vtex.styleguide#41dfb32af8756eb5528dbd452e47003a8f67fe8c"

zen-observable-ts@^0.8.21:
  version "0.8.21"
  resolved "https://registry.yarnpkg.com/zen-observable-ts/-/zen-observable-ts-0.8.21.tgz#85d0031fbbde1eba3cd07d3ba90da241215f421d"
  integrity sha512-Yj3yXweRc8LdRMrCC8nIc4kkjWecPAUVh0TI0OUrWXx6aX790vLcDlWca6I4vsyCGH3LpWxq0dJRcMOFoVqmeg==
  dependencies:
    tslib "^1.9.3"
    zen-observable "^0.8.0"

zen-observable@^0.8.0:
  version "0.8.15"
  resolved "https://registry.yarnpkg.com/zen-observable/-/zen-observable-0.8.15.tgz#96415c512d8e3ffd920afd3889604e30b9eaac15"
  integrity sha512-PQ2PC7R9rslx84ndNBZB/Dkv8V8fZEpk83RLgXtYd0fwUgEjseMn1Dgajh2x6S8QbZAFa9p2qVCEuYZNgve0dQ==
